
Microsoft Visual Studio Solution File, Format Version 12.00
# Visual Studio Version 16
VisualStudioVersion = 25.0.1706.4
MinimumVisualStudioVersion = 10.0.40219.1
Project("{FAE04EC0-301F-11D3-BF4B-00C04F79EFBC}") = "FacilityApi", "FacilityApi\FacilityApi.csproj", "{F79ADA8C-7EA9-4CCD-845F-786D8F3BC525}"
EndProject
Global
	GlobalSection(SolutionConfigurationPlatforms) = preSolution
		Debug|Any CPU = Debug|Any CPU
		Release|Any CPU = Release|Any CPU
	EndGlobalSection
	GlobalSection(ProjectConfigurationPlatforms) = postSolution
		{F79ADA8C-7EA9-4CCD-845F-786D8F3BC525}.Debug|Any CPU.ActiveCfg = Debug|Any CPU
		{F79ADA8C-7EA9-4CCD-845F-786D8F3BC525}.Debug|Any CPU.Build.0 = Debug|Any CPU
		{F79ADA8C-7EA9-4CCD-845F-786D8F3BC525}.Release|Any CPU.ActiveCfg = Release|Any CPU
		{F79ADA8C-7EA9-4CCD-845F-786D8F3BC525}.Release|Any CPU.Build.0 = Release|Any CPU
	EndGlobalSection
	GlobalSection(SolutionProperties) = preSolution
		HideSolutionNode = FALSE
	EndGlobalSection
	GlobalSection(ExtensibilityGlobals) = postSolution
		SolutionGuid = {B6FC32B6-7930-4D66-A40A-28BC5A4C2716}
	EndGlobalSection
EndGlobal
